// !$*UTF8*$!
{
	archiveVersion = 1;
	classes = {
	};
	objectVersion = 56;
	objects = {

/* Begin PBXBuildFile section */
		1C6CD6312937182300C71607 /* faya_bd_appApp.swift in Sources */ = {isa = PBXBuildFile; fileRef = 1C6CD6302937182300C71607 /* faya_bd_appApp.swift */; };
		1C6CD6332937182300C71607 /* ContentView.swift in Sources */ = {isa = PBXBuildFile; fileRef = 1C6CD6322937182300C71607 /* ContentView.swift */; };
		1C6CD6352937182400C71607 /* Assets.xcassets in Resources */ = {isa = PBXBuildFile; fileRef = 1C6CD6342937182400C71607 /* Assets.xcassets */; };
		1C6CD6382937182400C71607 /* Preview Assets.xcassets in Resources */ = {isa = PBXBuildFile; fileRef = 1C6CD6372937182400C71607 /* Preview Assets.xcassets */; };
		1C6CD6422937182400C71607 /* faya_bd_appTests.swift in Sources */ = {isa = PBXBuildFile; fileRef = 1C6CD6412937182400C71607 /* faya_bd_appTests.swift */; };
		1C6CD64C2937182400C71607 /* faya_bd_appUITests.swift in Sources */ = {isa = PBXBuildFile; fileRef = 1C6CD64B2937182400C71607 /* faya_bd_appUITests.swift */; };
		1C6CD64E2937182400C71607 /* faya_bd_appUITestsLaunchTests.swift in Sources */ = {isa = PBXBuildFile; fileRef = 1C6CD64D2937182400C71607 /* faya_bd_appUITestsLaunchTests.swift */; };
/* End PBXBuildFile section */

/* Begin PBXContainerItemProxy section */
		1C6CD63E2937182400C71607 /* PBXContainerItemProxy */ = {
			isa = PBXContainerItemProxy;
			containerPortal = 1C6CD6252937182300C71607 /* Project object */;
			proxyType = 1;
			remoteGlobalIDString = 1C6CD62C2937182300C71607;
			remoteInfo = "faya-bd-app";
		};
		1C6CD6482937182400C71607 /* PBXContainerItemProxy */ = {
			isa = PBXContainerItemProxy;
			containerPortal = 1C6CD6252937182300C71607 /* Project object */;
			proxyType = 1;
			remoteGlobalIDString = 1C6CD62C2937182300C71607;
			remoteInfo = "faya-bd-app";
		};
/* End PBXContainerItemProxy section */

/* Begin PBXFileReference section */
		1C6CD62D2937182300C71607 /* faya-bd-app.app */ = {isa = PBXFileReference; explicitFileType = wrapper.application; includeInIndex = 0; path = "faya-bd-app.app"; sourceTree = BUILT_PRODUCTS_DIR; };
		1C6CD6302937182300C71607 /* faya_bd_appApp.swift */ = {isa = PBXFileReference; lastKnownFileType = sourcecode.swift; path = faya_bd_appApp.swift; sourceTree = "<group>"; };
		1C6CD6322937182300C71607 /* ContentView.swift */ = {isa = PBXFileReference; lastKnownFileType = sourcecode.swift; path = ContentView.swift; sourceTree = "<group>"; };
		1C6CD6342937182400C71607 /* Assets.xcassets */ = {isa = PBXFileReference; lastKnownFileType = folder.assetcatalog; path = Assets.xcassets; sourceTree = "<group>"; };
		1C6CD6372937182400C71607 /* Preview Assets.xcassets */ = {isa = PBXFileReference; lastKnownFileType = folder.assetcatalog; path = "Preview Assets.xcassets"; sourceTree = "<group>"; };
		1C6CD63D2937182400C71607 /* faya-bd-appTests.xctest */ = {isa = PBXFileReference; explicitFileType = wrapper.cfbundle; includeInIndex = 0; path = "faya-bd-appTests.xctest"; sourceTree = BUILT_PRODUCTS_DIR; };
		1C6CD6412937182400C71607 /* faya_bd_appTests.swift */ = {isa = PBXFileReference; lastKnownFileType = sourcecode.swift; path = faya_bd_appTests.swift; sourceTree = "<group>"; };
		1C6CD6472937182400C71607 /* faya-bd-appUITests.xctest */ = {isa = PBXFileReference; explicitFileType = wrapper.cfbundle; includeInIndex = 0; path = "faya-bd-appUITests.xctest"; sourceTree = BUILT_PRODUCTS_DIR; };
		1C6CD64B2937182400C71607 /* faya_bd_appUITests.swift */ = {isa = PBXFileReference; lastKnownFileType = sourcecode.swift; path = faya_bd_appUITests.swift; sourceTree = "<group>"; };
		1C6CD64D2937182400C71607 /* faya_bd_appUITestsLaunchTests.swift */ = {isa = PBXFileReference; lastKnownFileType = sourcecode.swift; path = faya_bd_appUITestsLaunchTests.swift; sourceTree = "<group>"; };
/* End PBXFileReference section */

/* Begin PBXFrameworksBuildPhase section */
		1C6CD62A2937182300C71607 /* Frameworks */ = {
			isa = PBXFrameworksBuildPhase;
			buildActionMask = 2147483647;
			files = (
			);
			runOnlyForDeploymentPostprocessing = 0;
		};
		1C6CD63A2937182400C71607 /* Frameworks */ = {
			isa = PBXFrameworksBuildPhase;
			buildActionMask = 2147483647;
			files = (
			);
			runOnlyForDeploymentPostprocessing = 0;
		};
		1C6CD6442937182400C71607 /* Frameworks */ = {
			isa = PBXFrameworksBuildPhase;
			buildActionMask = 2147483647;
			files = (
			);
			runOnlyForDeploymentPostprocessing = 0;
		};
/* End PBXFrameworksBuildPhase section */

/* Begin PBXGroup section */
		1C6CD6242937182300C71607 = {
			isa = PBXGroup;
			children = (
				1C6CD62F2937182300C71607 /* faya-bd-app */,
				1C6CD6402937182400C71607 /* faya-bd-appTests */,
				1C6CD64A2937182400C71607 /* faya-bd-appUITests */,
				1C6CD62E2937182300C71607 /* Products */,
			);
			sourceTree = "<group>";
		};
		1C6CD62E2937182300C71607 /* Products */ = {
			isa = PBXGroup;
			children = (
				1C6CD62D2937182300C71607 /* faya-bd-app.app */,
				1C6CD63D2937182400C71607 /* faya-bd-appTests.xctest */,
				1C6CD6472937182400C71607 /* faya-bd-appUITests.xctest */,
			);
			name = Products;
			sourceTree = "<group>";
		};
		1C6CD62F2937182300C71607 /* faya-bd-app */ = {
			isa = PBXGroup;
			children = (
				1C6CD6302937182300C71607 /* faya_bd_appApp.swift */,
				1C6CD6322937182300C71607 /* ContentView.swift */,
				1C6CD6342937182400C71607 /* Assets.xcassets */,
				1C6CD6362937182400C71607 /* Preview Content */,
			);
			path = "faya-bd-app";
			sourceTree = "<group>";
		};
		1C6CD6362937182400C71607 /* Preview Content */ = {
			isa = PBXGroup;
			children = (
				1C6CD6372937182400C71607 /* Preview Assets.xcassets */,
			);
			path = "Preview Content";
			sourceTree = "<group>";
		};
		1C6CD6402937182400C71607 /* faya-bd-appTests */ = {
			isa = PBXGroup;
			children = (
				1C6CD6412937182400C71607 /* faya_bd_appTests.swift */,
			);
			path = "faya-bd-appTests";
			sourceTree = "<group>";
		};
		1C6CD64A2937182400C71607 /* faya-bd-appUITests */ = {
			isa = PBXGroup;
			children = (
				1C6CD64B2937182400C71607 /* faya_bd_appUITests.swift */,
				1C6CD64D2937182400C71607 /* faya_bd_appUITestsLaunchTests.swift */,
			);
			path = "faya-bd-appUITests";
			sourceTree = "<group>";
		};
/* End PBXGroup section */

/* Begin PBXNativeTarget section */
		1C6CD62C2937182300C71607 /* faya-bd-app */ = {
			isa = PBXNativeTarget;
			buildConfigurationList = 1C6CD6512937182400C71607 /* Build configuration list for PBXNativeTarget "faya-bd-app" */;
			buildPhases = (
				1C6CD6292937182300C71607 /* Sources */,
				1C6CD62A2937182300C71607 /* Frameworks */,
				1C6CD62B2937182300C71607 /* Resources */,
			);
			buildRules = (
			);
			dependencies = (
			);
			name = "faya-bd-app";
			productName = "faya-bd-app";
			productReference = 1C6CD62D2937182300C71607 /* faya-bd-app.app */;
			productType = "com.apple.product-type.application";
		};
		1C6CD63C2937182400C71607 /* faya-bd-appTests */ = {
			isa = PBXNativeTarget;
			buildConfigurationList = 1C6CD6542937182400C71607 /* Build configuration list for PBXNativeTarget "faya-bd-appTests" */;
			buildPhases = (
				1C6CD6392937182400C71607 /* Sources */,
				1C6CD63A2937182400C71607 /* Frameworks */,
				1C6CD63B2937182400C71607 /* Resources */,
			);
			buildRules = (
			);
			dependencies = (
				1C6CD63F2937182400C71607 /* PBXTargetDependency */,
			);
			name = "faya-bd-appTests";
			productName = "faya-bd-appTests";
			productReference = 1C6CD63D2937182400C71607 /* faya-bd-appTests.xctest */;
			productType = "com.apple.product-type.bundle.unit-test";
		};
		1C6CD6462937182400C71607 /* faya-bd-appUITests */ = {
			isa = PBXNativeTarget;
			buildConfigurationList = 1C6CD6572937182400C71607 /* Build configuration list for PBXNativeTarget "faya-bd-appUITests" */;
			buildPhases = (
				1C6CD6432937182400C71607 /* Sources */,
				1C6CD6442937182400C71607 /* Frameworks */,
				1C6CD6452937182400C71607 /* Resources */,
			);
			buildRules = (
			);
			dependencies = (
				1C6CD6492937182400C71607 /* PBXTargetDependency */,
			);
			name = "faya-bd-appUITests";
			productName = "faya-bd-appUITests";
			productReference = 1C6CD6472937182400C71607 /* faya-bd-appUITests.xctest */;
			productType = "com.apple.product-type.bundle.ui-testing";
		};
/* End PBXNativeTarget section */

/* Begin PBXProject section */
		1C6CD6252937182300C71607 /* Project object */ = {
			isa = PBXProject;
			attributes = {
				BuildIndependentTargetsInParallel = 1;
				LastSwiftUpdateCheck = 1410;
				LastUpgradeCheck = 1410;
				TargetAttributes = {
					1C6CD62C2937182300C71607 = {
						CreatedOnToolsVersion = 14.1;
					};
					1C6CD63C2937182400C71607 = {
						CreatedOnToolsVersion = 14.1;
						TestTargetID = 1C6CD62C2937182300C71607;
					};
					1C6CD6462937182400C71607 = {
						CreatedOnToolsVersion = 14.1;
						TestTargetID = 1C6CD62C2937182300C71607;
					};
				};
			};
			buildConfigurationList = 1C6CD6282937182300C71607 /* Build configuration list for PBXProject "faya-bd-app" */;
			compatibilityVersion = "Xcode 14.0";
			developmentRegion = en;
			hasScannedForEncodings = 0;
			knownRegions = (
				en,
				Base,
			);
			mainGroup = 1C6CD6242937182300C71607;
			productRefGroup = 1C6CD62E2937182300C71607 /* Products */;
			projectDirPath = "";
			projectRoot = "";
			targets = (
				1C6CD62C2937182300C71607 /* faya-bd-app */,
				1C6CD63C2937182400C71607 /* faya-bd-appTests */,
				1C6CD6462937182400C71607 /* faya-bd-appUITests */,
			);
		};
/* End PBXProject section */

/* Begin PBXResourcesBuildPhase section */
		1C6CD62B2937182300C71607 /* Resources */ = {
			isa = PBXResourcesBuildPhase;
			buildActionMask = 2147483647;
			files = (
				1C6CD6382937182400C71607 /* Preview Assets.xcassets in Resources */,
				1C6CD6352937182400C71607 /* Assets.xcassets in Resources */,
			);
			runOnlyForDeploymentPostprocessing = 0;
		};
		1C6CD63B2937182400C71607 /* Resources */ = {
			isa = PBXResourcesBuildPhase;
			buildActionMask = 2147483647;
			files = (
			);
			runOnlyForDeploymentPostprocessing = 0;
		};
		1C6CD6452937182400C71607 /* Resources */ = {
			isa = PBXResourcesBuildPhase;
			buildActionMask = 2147483647;
			files = (
			);
			runOnlyForDeploymentPostprocessing = 0;
		};
/* End PBXResourcesBuildPhase section */

/* Begin PBXSourcesBuildPhase section */
		1C6CD6292937182300C71607 /* Sources */ = {
			isa = PBXSourcesBuildPhase;
			buildActionMask = 2147483647;
			files = (
				1C6CD6332937182300C71607 /* ContentView.swift in Sources */,
				1C6CD6312937182300C71607 /* faya_bd_appApp.swift in Sources */,
			);
			runOnlyForDeploymentPostprocessing = 0;
		};
		1C6CD6392937182400C71607 /* Sources */ = {
			isa = PBXSourcesBuildPhase;
			buildActionMask = 2147483647;
			files = (
				1C6CD6422937182400C71607 /* faya_bd_appTests.swift in Sources */,
			);
			runOnlyForDeploymentPostprocessing = 0;
		};
		1C6CD6432937182400C71607 /* Sources */ = {
			isa = PBXSourcesBuildPhase;
			buildActionMask = 2147483647;
			files = (
				1C6CD64C2937182400C71607 /* faya_bd_appUITests.swift in Sources */,
				1C6CD64E2937182400C71607 /* faya_bd_appUITestsLaunchTests.swift in Sources */,
			);
			runOnlyForDeploymentPostprocessing = 0;
		};
/* End PBXSourcesBuildPhase section */

/* Begin PBXTargetDependency section */
		1C6CD63F2937182400C71607 /* PBXTargetDependency */ = {
			isa = PBXTargetDependency;
			target = 1C6CD62C2937182300C71607 /* faya-bd-app */;
			targetProxy = 1C6CD63E2937182400C71607 /* PBXContainerItemProxy */;
		};
		1C6CD6492937182400C71607 /* PBXTargetDependency */ = {
			isa = PBXTargetDependency;
			target = 1C6CD62C2937182300C71607 /* faya-bd-app */;
			targetProxy = 1C6CD6482937182400C71607 /* PBXContainerItemProxy */;
		};
/* End PBXTargetDependency section */

/* Begin XCBuildConfiguration section */
		1C6CD64F2937182400C71607 /* Debug */ = {
			isa = XCBuildConfiguration;
			buildSettings = {
				ALWAYS_SEARCH_USER_PATHS = NO;
				CLANG_ANALYZER_NONNULL = YES;
				CLANG_ANALYZER_NUMBER_OBJECT_CONVERSION = YES_AGGRESSIVE;
				CLANG_CXX_LANGUAGE_STANDARD = "gnu++20";
				CLANG_ENABLE_MODULES = YES;
				CLANG_ENABLE_OBJC_ARC = YES;
				CLANG_ENABLE_OBJC_WEAK = YES;
				CLANG_WARN_BLOCK_CAPTURE_AUTORELEASING = YES;
				CLANG_WARN_BOOL_CONVERSION = YES;
				CLANG_WARN_COMMA = YES;
				CLANG_WARN_CONSTANT_CONVERSION = YES;
				CLANG_WARN_DEPRECATED_OBJC_IMPLEMENTATIONS = YES;
				CLANG_WARN_DIRECT_OBJC_ISA_USAGE = YES_ERROR;
				CLANG_WARN_DOCUMENTATION_COMMENTS = YES;
				CLANG_WARN_EMPTY_BODY = YES;
				CLANG_WARN_ENUM_CONVERSION = YES;
				CLANG_WARN_INFINITE_RECURSION = YES;
				CLANG_WARN_INT_CONVERSION = YES;
				CLANG_WARN_NON_LITERAL_NULL_CONVERSION = YES;
				CLANG_WARN_OBJC_IMPLICIT_RETAIN_SELF = YES;
				CLANG_WARN_OBJC_LITERAL_CONVERSION = YES;
				CLANG_WARN_OBJC_ROOT_CLASS = YES_ERROR;
				CLANG_WARN_QUOTED_INCLUDE_IN_FRAMEWORK_HEADER = YES;
				CLANG_WARN_RANGE_LOOP_ANALYSIS = YES;
				CLANG_WARN_STRICT_PROTOTYPES = YES;
				CLANG_WARN_SUSPICIOUS_MOVE = YES;
				CLANG_WARN_UNGUARDED_AVAILABILITY = YES_AGGRESSIVE;
				CLANG_WARN_UNREACHABLE_CODE = YES;
				CLANG_WARN__DUPLICATE_METHOD_MATCH = YES;
				COPY_PHASE_STRIP = NO;
				DEBUG_INFORMATION_FORMAT = dwarf;
				ENABLE_STRICT_OBJC_MSGSEND = YES;
				ENABLE_TESTABILITY = YES;
				GCC_C_LANGUAGE_STANDARD = gnu11;
				GCC_DYNAMIC_NO_PIC = NO;
				GCC_NO_COMMON_BLOCKS = YES;
				GCC_OPTIMIZATION_LEVEL = 0;
				GCC_PREPROCESSOR_DEFINITIONS = (
					"DEBUG=1",
					"$(inherited)",
				);
				GCC_WARN_64_TO_32_BIT_CONVERSION = YES;
				GCC_WARN_ABOUT_RETURN_TYPE = YES_ERROR;
				GCC_WARN_UNDECLARED_SELECTOR = YES;
				GCC_WARN_UNINITIALIZED_AUTOS = YES_AGGRESSIVE;
				GCC_WARN_UNUSED_FUNCTION = YES;
				GCC_WARN_UNUSED_VARIABLE = YES;
				IPHONEOS_DEPLOYMENT_TARGET = 16.1;
				MTL_ENABLE_DEBUG_INFO = INCLUDE_SOURCE;
				MTL_FAST_MATH = YES;
				ONLY_ACTIVE_ARCH = YES;
				SDKROOT = iphoneos;
				SWIFT_ACTIVE_COMPILATION_CONDITIONS = DEBUG;
				SWIFT_OPTIMIZATION_LEVEL = "-Onone";
			};
			name = Debug;
		};
		1C6CD6502937182400C71607 /* Release */ = {
			isa = XCBuildConfiguration;
			buildSettings = {
				ALWAYS_SEARCH_USER_PATHS = NO;
				CLANG_ANALYZER_NONNULL = YES;
				CLANG_ANALYZER_NUMBER_OBJECT_CONVERSION = YES_AGGRESSIVE;
				CLANG_CXX_LANGUAGE_STANDARD = "gnu++20";
				CLANG_ENABLE_MODULES = YES;
				CLANG_ENABLE_OBJC_ARC = YES;
				CLANG_ENABLE_OBJC_WEAK = YES;
				CLANG_WARN_BLOCK_CAPTURE_AUTORELEASING = YES;
				CLANG_WARN_BOOL_CONVERSION = YES;
				CLANG_WARN_COMMA = YES;
				CLANG_WARN_CONSTANT_CONVERSION = YES;
				CLANG_WARN_DEPRECATED_OBJC_IMPLEMENTATIONS = YES;
				CLANG_WARN_DIRECT_OBJC_ISA_USAGE = YES_ERROR;
				CLANG_WARN_DOCUMENTATION_COMMENTS = YES;
				CLANG_WARN_EMPTY_BODY = YES;
				CLANG_WARN_ENUM_CONVERSION = YES;
				CLANG_WARN_INFINITE_RECURSION = YES;
				CLANG_WARN_INT_CONVERSION = YES;
				CLANG_WARN_NON_LITERAL_NULL_CONVERSION = YES;
				CLANG_WARN_OBJC_IMPLICIT_RETAIN_SELF = YES;
				CLANG_WARN_OBJC_LITERAL_CONVERSION = YES;
				CLANG_WARN_OBJC_ROOT_CLASS = YES_ERROR;
				CLANG_WARN_QUOTED_INCLUDE_IN_FRAMEWORK_HEADER = YES;
				CLANG_WARN_RANGE_LOOP_ANALYSIS = YES;
				CLANG_WARN_STRICT_PROTOTYPES = YES;
				CLANG_WARN_SUSPICIOUS_MOVE = YES;
				CLANG_WARN_UNGUARDED_AVAILABILITY = YES_AGGRESSIVE;
				CLANG_WARN_UNREACHABLE_CODE = YES;
				CLANG_WARN__DUPLICATE_METHOD_MATCH = YES;
				COPY_PHASE_STRIP = NO;
				DEBUG_INFORMATION_FORMAT = "dwarf-with-dsym";
				ENABLE_NS_ASSERTIONS = NO;
				ENABLE_STRICT_OBJC_MSGSEND = YES;
				GCC_C_LANGUAGE_STANDARD = gnu11;
				GCC_NO_COMMON_BLOCKS = YES;
				GCC_WARN_64_TO_32_BIT_CONVERSION = YES;
				GCC_WARN_ABOUT_RETURN_TYPE = YES_ERROR;
				GCC_WARN_UNDECLARED_SELECTOR = YES;
				GCC_WARN_UNINITIALIZED_AUTOS = YES_AGGRESSIVE;
				GCC_WARN_UNUSED_FUNCTION = YES;
				GCC_WARN_UNUSED_VARIABLE = YES;
				IPHONEOS_DEPLOYMENT_TARGET = 16.1;
				MTL_ENABLE_DEBUG_INFO = NO;
				MTL_FAST_MATH = YES;
				SDKROOT = iphoneos;
				SWIFT_COMPILATION_MODE = wholemodule;
				SWIFT_OPTIMIZATION_LEVEL = "-O";
				VALIDATE_PRODUCT = YES;
			};
			name = Release;
		};
		1C6CD6522937182400C71607 /* Debug */ = {
			isa = XCBuildConfiguration;
			buildSettings = {
				ASSETCATALOG_COMPILER_APPICON_NAME = AppIcon;
				ASSETCATALOG_COMPILER_GLOBAL_ACCENT_COLOR_NAME = AccentColor;
				CODE_SIGN_STYLE = Automatic;
				CURRENT_PROJECT_VERSION = 1;
				DEVELOPMENT_ASSET_PATHS = "\"faya-bd-app/Preview Content\"";
				ENABLE_PREVIEWS = YES;
				GENERATE_INFOPLIST_FILE = YES;
				INFOPLIST_KEY_UIApplicationSceneManifest_Generation = YES;
				INFOPLIST_KEY_UIApplicationSupportsIndirectInputEvents = YES;
				INFOPLIST_KEY_UILaunchScreen_Generation = YES;
				INFOPLIST_KEY_UISupportedInterfaceOrientations_iPad = "UIInterfaceOrientationPortrait UIInterfaceOrientationPortraitUpsideDown UIInterfaceOrientationLandscapeLeft UIInterfaceOrientationLandscapeRight";
				INFOPLIST_KEY_UISupportedInterfaceOrientations_iPhone = "UIInterfaceOrientationPortrait UIInterfaceOrientationLandscapeLeft UIInterfaceOrientationLandscapeRight";
				LD_RUNPATH_SEARCH_PATHS = (
					"$(inherited)",
					"@executable_path/Frameworks",
				);
				MARKETING_VERSION = 1.0;
				PRODUCT_BUNDLE_IDENTIFIER = "faya.faya-bd-app";
				PRODUCT_NAME = "$(TARGET_NAME)";
				SWIFT_EMIT_LOC_STRINGS = YES;
				SWIFT_VERSION = 5.0;
				TARGETED_DEVICE_FAMILY = "1,2";
			};
			name = Debug;
		};
		1C6CD6532937182400C71607 /* Release */ = {
			isa = XCBuildConfiguration;
			buildSettings = {
				ASSETCATALOG_COMPILER_APPICON_NAME = AppIcon;
				ASSETCATALOG_COMPILER_GLOBAL_ACCENT_COLOR_NAME = AccentColor;
				CODE_SIGN_STYLE = Automatic;
				CURRENT_PROJECT_VERSION = 1;
				DEVELOPMENT_ASSET_PATHS = "\"faya-bd-app/Preview Content\"";
				ENABLE_PREVIEWS = YES;
				GENERATE_INFOPLIST_FILE = YES;
				INFOPLIST_KEY_UIApplicationSceneManifest_Generation = YES;
				INFOPLIST_KEY_UIApplicationSupportsIndirectInputEvents = YES;
				INFOPLIST_KEY_UILaunchScreen_Generation = YES;
				INFOPLIST_KEY_UISupportedInterfaceOrientations_iPad = "UIInterfaceOrientationPortrait UIInterfaceOrientationPortraitUpsideDown UIInterfaceOrientationLandscapeLeft UIInterfaceOrientationLandscapeRight";
				INFOPLIST_KEY_UISupportedInterfaceOrientations_iPhone = "UIInterfaceOrientationPortrait UIInterfaceOrientationLandscapeLeft UIInterfaceOrientationLandscapeRight";
				LD_RUNPATH_SEARCH_PATHS = (
					"$(inherited)",
					"@executable_path/Frameworks",
				);
				MARKETING_VERSION = 1.0;
				PRODUCT_BUNDLE_IDENTIFIER = "faya.faya-bd-app";
				PRODUCT_NAME = "$(TARGET_NAME)";
				SWIFT_EMIT_LOC_STRINGS = YES;
				SWIFT_VERSION = 5.0;
				TARGETED_DEVICE_FAMILY = "1,2";
			};
			name = Release;
		};
		1C6CD6552937182400C71607 /* Debug */ = {
			isa = XCBuildConfiguration;
			buildSettings = {
				ALWAYS_EMBED_SWIFT_STANDARD_LIBRARIES = YES;
				BUNDLE_LOADER = "$(TEST_HOST)";
				CODE_SIGN_STYLE = Automatic;
				CURRENT_PROJECT_VERSION = 1;
				GENERATE_INFOPLIST_FILE = YES;
				IPHONEOS_DEPLOYMENT_TARGET = 16.1;
				MARKETING_VERSION = 1.0;
				PRODUCT_BUNDLE_IDENTIFIER = "faya.faya-bd-appTests";
				PRODUCT_NAME = "$(TARGET_NAME)";
				SWIFT_EMIT_LOC_STRINGS = NO;
				SWIFT_VERSION = 5.0;
				TARGETED_DEVICE_FAMILY = "1,2";
				TEST_HOST = "$(BUILT_PRODUCTS_DIR)/faya-bd-app.app/$(BUNDLE_EXECUTABLE_FOLDER_PATH)/faya-bd-app";
			};
			name = Debug;
		};
		1C6CD6562937182400C71607 /* Release */ = {
			isa = XCBuildConfiguration;
			buildSettings = {
				ALWAYS_EMBED_SWIFT_STANDARD_LIBRARIES = YES;
				BUNDLE_LOADER = "$(TEST_HOST)";
				CODE_SIGN_STYLE = Automatic;
				CURRENT_PROJECT_VERSION = 1;
				GENERATE_INFOPLIST_FILE = YES;
				IPHONEOS_DEPLOYMENT_TARGET = 16.1;
				MARKETING_VERSION = 1.0;
				PRODUCT_BUNDLE_IDENTIFIER = "faya.faya-bd-appTests";
				PRODUCT_NAME = "$(TARGET_NAME)";
				SWIFT_EMIT_LOC_STRINGS = NO;
				SWIFT_VERSION = 5.0;
				TARGETED_DEVICE_FAMILY = "1,2";
				TEST_HOST = "$(BUILT_PRODUCTS_DIR)/faya-bd-app.app/$(BUNDLE_EXECUTABLE_FOLDER_PATH)/faya-bd-app";
			};
			name = Release;
		};
		1C6CD6582937182400C71607 /* Debug */ = {
			isa = XCBuildConfiguration;
			buildSettings = {
				ALWAYS_EMBED_SWIFT_STANDARD_LIBRARIES = YES;
				CODE_SIGN_STYLE = Automatic;
				CURRENT_PROJECT_VERSION = 1;
				GENERATE_INFOPLIST_FILE = YES;
				MARKETING_VERSION = 1.0;
				PRODUCT_BUNDLE_IDENTIFIER = "faya.faya-bd-appUITests";
				PRODUCT_NAME = "$(TARGET_NAME)";
				SWIFT_EMIT_LOC_STRINGS = NO;
				SWIFT_VERSION = 5.0;
				TARGETED_DEVICE_FAMILY = "1,2";
				TEST_TARGET_NAME = "faya-bd-app";
			};
			name = Debug;
		};
		1C6CD6592937182400C71607 /* Release */ = {
			isa = XCBuildConfiguration;
			buildSettings = {
				ALWAYS_EMBED_SWIFT_STANDARD_LIBRARIES = YES;
				CODE_SIGN_STYLE = Automatic;
				CURRENT_PROJECT_VERSION = 1;
				GENERATE_INFOPLIST_FILE = YES;
				MARKETING_VERSION = 1.0;
				PRODUCT_BUNDLE_IDENTIFIER = "faya.faya-bd-appUITests";
				PRODUCT_NAME = "$(TARGET_NAME)";
				SWIFT_EMIT_LOC_STRINGS = NO;
				SWIFT_VERSION = 5.0;
				TARGETED_DEVICE_FAMILY = "1,2";
				TEST_TARGET_NAME = "faya-bd-app";
			};
			name = Release;
		};
/* End XCBuildConfiguration section */

/* Begin XCConfigurationList section */
		1C6CD6282937182300C71607 /* Build configuration list for PBXProject "faya-bd-app" */ = {
			isa = XCConfigurationList;
			buildConfigurations = (
				1C6CD64F2937182400C71607 /* Debug */,
				1C6CD6502937182400C71607 /* Release */,
			);
			defaultConfigurationIsVisible = 0;
			defaultConfigurationName = Release;
		};
		1C6CD6512937182400C71607 /* Build configuration list for PBXNativeTarget "faya-bd-app" */ = {
			isa = XCConfigurationList;
			buildConfigurations = (
				1C6CD6522937182400C71607 /* Debug */,
				1C6CD6532937182400C71607 /* Release */,
			);
			defaultConfigurationIsVisible = 0;
			defaultConfigurationName = Release;
		};
		1C6CD6542937182400C71607 /* Build configuration list for PBXNativeTarget "faya-bd-appTests" */ = {
			isa = XCConfigurationList;
			buildConfigurations = (
				1C6CD6552937182400C71607 /* Debug */,
				1C6CD6562937182400C71607 /* Release */,
			);
			defaultConfigurationIsVisible = 0;
			defaultConfigurationName = Release;
		};
		1C6CD6572937182400C71607 /* Build configuration list for PBXNativeTarget "faya-bd-appUITests" */ = {
			isa = XCConfigurationList;
			buildConfigurations = (
				1C6CD6582937182400C71607 /* Debug */,
				1C6CD6592937182400C71607 /* Release */,
			);
			defaultConfigurationIsVisible = 0;
			defaultConfigurationName = Release;
		};
/* End XCConfigurationList section */
	};
	rootObject = 1C6CD6252937182300C71607 /* Project object */;
}
